// !$*UTF8*$!
{
	archiveVersion = 1;
	classes = {
	};
	objectVersion = 55;
	objects = {

/* Begin PBXBuildFile section */
		DA6434252743457B00AD471E /* AppDelegate.swift in Sources */ = {isa = PBXBuildFile; fileRef = DA6434242743457B00AD471E /* AppDelegate.swift */; };
		DA6434272743457B00AD471E /* SceneDelegate.swift in Sources */ = {isa = PBXBuildFile; fileRef = DA6434262743457B00AD471E /* SceneDelegate.swift */; };
		DA6434292743457B00AD471E /* TrackViewController.swift in Sources */ = {isa = PBXBuildFile; fileRef = DA6434282743457B00AD471E /* TrackViewController.swift */; };
		DA64342C2743457B00AD471E /* Main.storyboard in Resources */ = {isa = PBXBuildFile; fileRef = DA64342A2743457B00AD471E /* Main.storyboard */; };
		DA64342E2743457D00AD471E /* Assets.xcassets in Resources */ = {isa = PBXBuildFile; fileRef = DA64342D2743457D00AD471E /* Assets.xcassets */; };
		DA6434312743457D00AD471E /* LaunchScreen.storyboard in Resources */ = {isa = PBXBuildFile; fileRef = DA64342F2743457D00AD471E /* LaunchScreen.storyboard */; };
		DA6434462743457D00AD471E /* ProductTrackerUITests.swift in Sources */ = {isa = PBXBuildFile; fileRef = DA6434452743457D00AD471E /* ProductTrackerUITests.swift */; };
		DA6434482743457D00AD471E /* ProductTrackerUITestsLaunchTests.swift in Sources */ = {isa = PBXBuildFile; fileRef = DA6434472743457D00AD471E /* ProductTrackerUITestsLaunchTests.swift */; };
		DA643456274345D400AD471E /* ProductTests.swift in Sources */ = {isa = PBXBuildFile; fileRef = DA643455274345D400AD471E /* ProductTests.swift */; };
		DA6434582743485A00AD471E /* Product.swift in Sources */ = {isa = PBXBuildFile; fileRef = DA6434572743485A00AD471E /* Product.swift */; };
		DA64345A27434A5D00AD471E /* ProductManagerTests.swift in Sources */ = {isa = PBXBuildFile; fileRef = DA64345927434A5D00AD471E /* ProductManagerTests.swift */; };
		DA64345C27434C5A00AD471E /* ProductManager.swift in Sources */ = {isa = PBXBuildFile; fileRef = DA64345B27434C5A00AD471E /* ProductManager.swift */; };
		DA64345F274371B700AD471E /* ClientTests.swift in Sources */ = {isa = PBXBuildFile; fileRef = DA64345E274371B700AD471E /* ClientTests.swift */; };
		DA6434612743725700AD471E /* Client.swift in Sources */ = {isa = PBXBuildFile; fileRef = DA6434602743725700AD471E /* Client.swift */; };
		DA64346527438ABF00AD471E /* TrackViewControllerTests.swift in Sources */ = {isa = PBXBuildFile; fileRef = DA64346427438ABE00AD471E /* TrackViewControllerTests.swift */; };
		DA798CFF2743B3D400797DE8 /* ProductTableViewTests.swift in Sources */ = {isa = PBXBuildFile; fileRef = DA798CFE2743B3D400797DE8 /* ProductTableViewTests.swift */; };
		DA798D012743B8B600797DE8 /* ProductDataSource.swift in Sources */ = {isa = PBXBuildFile; fileRef = DA798D002743B8B600797DE8 /* ProductDataSource.swift */; };
		DA798D052744881E00797DE8 /* ProductCell.swift in Sources */ = {isa = PBXBuildFile; fileRef = DA798D042744881E00797DE8 /* ProductCell.swift */; };
/* End PBXBuildFile section */

/* Begin PBXContainerItemProxy section */
		DA6434382743457D00AD471E /* PBXContainerItemProxy */ = {
			isa = PBXContainerItemProxy;
			containerPortal = DA6434192743457B00AD471E /* Project object */;
			proxyType = 1;
			remoteGlobalIDString = DA6434202743457B00AD471E;
			remoteInfo = ProductTracker;
		};
		DA6434422743457D00AD471E /* PBXContainerItemProxy */ = {
			isa = PBXContainerItemProxy;
			containerPortal = DA6434192743457B00AD471E /* Project object */;
			proxyType = 1;
			remoteGlobalIDString = DA6434202743457B00AD471E;
			remoteInfo = ProductTracker;
		};
/* End PBXContainerItemProxy section */

/* Begin PBXFileReference section */
		DA6434212743457B00AD471E /* ProductTracker.app */ = {isa = PBXFileReference; explicitFileType = wrapper.application; includeInIndex = 0; path = ProductTracker.app; sourceTree = BUILT_PRODUCTS_DIR; };
		DA6434242743457B00AD471E /* AppDelegate.swift */ = {isa = PBXFileReference; lastKnownFileType = sourcecode.swift; path = AppDelegate.swift; sourceTree = "<group>"; };
		DA6434262743457B00AD471E /* SceneDelegate.swift */ = {isa = PBXFileReference; lastKnownFileType = sourcecode.swift; path = SceneDelegate.swift; sourceTree = "<group>"; };
		DA6434282743457B00AD471E /* TrackViewController.swift */ = {isa = PBXFileReference; lastKnownFileType = sourcecode.swift; path = TrackViewController.swift; sourceTree = "<group>"; };
		DA64342B2743457B00AD471E /* Base */ = {isa = PBXFileReference; lastKnownFileType = file.storyboard; name = Base; path = Base.lproj/Main.storyboard; sourceTree = "<group>"; };
		DA64342D2743457D00AD471E /* Assets.xcassets */ = {isa = PBXFileReference; lastKnownFileType = folder.assetcatalog; path = Assets.xcassets; sourceTree = "<group>"; };
		DA6434302743457D00AD471E /* Base */ = {isa = PBXFileReference; lastKnownFileType = file.storyboard; name = Base; path = Base.lproj/LaunchScreen.storyboard; sourceTree = "<group>"; };
		DA6434322743457D00AD471E /* Info.plist */ = {isa = PBXFileReference; lastKnownFileType = text.plist.xml; path = Info.plist; sourceTree = "<group>"; };
		DA6434372743457D00AD471E /* ProductTrackerTests.xctest */ = {isa = PBXFileReference; explicitFileType = wrapper.cfbundle; includeInIndex = 0; path = ProductTrackerTests.xctest; sourceTree = BUILT_PRODUCTS_DIR; };
		DA6434412743457D00AD471E /* ProductTrackerUITests.xctest */ = {isa = PBXFileReference; explicitFileType = wrapper.cfbundle; includeInIndex = 0; path = ProductTrackerUITests.xctest; sourceTree = BUILT_PRODUCTS_DIR; };
		DA6434452743457D00AD471E /* ProductTrackerUITests.swift */ = {isa = PBXFileReference; lastKnownFileType = sourcecode.swift; path = ProductTrackerUITests.swift; sourceTree = "<group>"; };
		DA6434472743457D00AD471E /* ProductTrackerUITestsLaunchTests.swift */ = {isa = PBXFileReference; lastKnownFileType = sourcecode.swift; path = ProductTrackerUITestsLaunchTests.swift; sourceTree = "<group>"; };
		DA643455274345D400AD471E /* ProductTests.swift */ = {isa = PBXFileReference; lastKnownFileType = sourcecode.swift; path = ProductTests.swift; sourceTree = "<group>"; };
		DA6434572743485A00AD471E /* Product.swift */ = {isa = PBXFileReference; lastKnownFileType = sourcecode.swift; path = Product.swift; sourceTree = "<group>"; };
		DA64345927434A5D00AD471E /* ProductManagerTests.swift */ = {isa = PBXFileReference; lastKnownFileType = sourcecode.swift; path = ProductManagerTests.swift; sourceTree = "<group>"; };
		DA64345B27434C5A00AD471E /* ProductManager.swift */ = {isa = PBXFileReference; lastKnownFileType = sourcecode.swift; path = ProductManager.swift; sourceTree = "<group>"; };
		DA64345E274371B700AD471E /* ClientTests.swift */ = {isa = PBXFileReference; lastKnownFileType = sourcecode.swift; path = ClientTests.swift; sourceTree = "<group>"; };
		DA6434602743725700AD471E /* Client.swift */ = {isa = PBXFileReference; lastKnownFileType = sourcecode.swift; path = Client.swift; sourceTree = "<group>"; };
		DA64346427438ABE00AD471E /* TrackViewControllerTests.swift */ = {isa = PBXFileReference; lastKnownFileType = sourcecode.swift; path = TrackViewControllerTests.swift; sourceTree = "<group>"; };
		DA798CFE2743B3D400797DE8 /* ProductTableViewTests.swift */ = {isa = PBXFileReference; lastKnownFileType = sourcecode.swift; path = ProductTableViewTests.swift; sourceTree = "<group>"; };
		DA798D002743B8B600797DE8 /* ProductDataSource.swift */ = {isa = PBXFileReference; lastKnownFileType = sourcecode.swift; path = ProductDataSource.swift; sourceTree = "<group>"; };
		DA798D042744881E00797DE8 /* ProductCell.swift */ = {isa = PBXFileReference; lastKnownFileType = sourcecode.swift; path = ProductCell.swift; sourceTree = "<group>"; };
/* End PBXFileReference section */

/* Begin PBXFrameworksBuildPhase section */
		DA64341E2743457B00AD471E /* Frameworks */ = {
			isa = PBXFrameworksBuildPhase;
			buildActionMask = 2147483647;
			files = (
			);
			runOnlyForDeploymentPostprocessing = 0;
		};
		DA6434342743457D00AD471E /* Frameworks */ = {
			isa = PBXFrameworksBuildPhase;
			buildActionMask = 2147483647;
			files = (
			);
			runOnlyForDeploymentPostprocessing = 0;
		};
		DA64343E2743457D00AD471E /* Frameworks */ = {
			isa = PBXFrameworksBuildPhase;
			buildActionMask = 2147483647;
			files = (
			);
			runOnlyForDeploymentPostprocessing = 0;
		};
/* End PBXFrameworksBuildPhase section */

/* Begin PBXGroup section */
		DA6434182743457B00AD471E = {
			isa = PBXGroup;
			children = (
				DA6434232743457B00AD471E /* ProductTracker */,
				DA64343A2743457D00AD471E /* ProductTrackerTests */,
				DA6434442743457D00AD471E /* ProductTrackerUITests */,
				DA6434222743457B00AD471E /* Products */,
			);
			sourceTree = "<group>";
		};
		DA6434222743457B00AD471E /* Products */ = {
			isa = PBXGroup;
			children = (
				DA6434212743457B00AD471E /* ProductTracker.app */,
				DA6434372743457D00AD471E /* ProductTrackerTests.xctest */,
				DA6434412743457D00AD471E /* ProductTrackerUITests.xctest */,
			);
			name = Products;
			sourceTree = "<group>";
		};
		DA6434232743457B00AD471E /* ProductTracker */ = {
			isa = PBXGroup;
			children = (
				DA798D032744880B00797DE8 /* Views */,
				DA798D022743B8BF00797DE8 /* Data Source */,
				DA643462274385A300AD471E /* Controllers */,
				DA6434542743459600AD471E /* Models */,
				DA6434242743457B00AD471E /* AppDelegate.swift */,
				DA6434262743457B00AD471E /* SceneDelegate.swift */,
				DA64342A2743457B00AD471E /* Main.storyboard */,
				DA64342D2743457D00AD471E /* Assets.xcassets */,
				DA64342F2743457D00AD471E /* LaunchScreen.storyboard */,
				DA6434322743457D00AD471E /* Info.plist */,
			);
			path = ProductTracker;
			sourceTree = "<group>";
		};
		DA64343A2743457D00AD471E /* ProductTrackerTests */ = {
			isa = PBXGroup;
			children = (
				DA798CFD2743B3B700797DE8 /* Test Views */,
				DA643463274389AA00AD471E /* Test Controllers */,
				DA64345D2743719800AD471E /* Test Models */,
			);
			path = ProductTrackerTests;
			sourceTree = "<group>";
		};
		DA6434442743457D00AD471E /* ProductTrackerUITests */ = {
			isa = PBXGroup;
			children = (
				DA6434452743457D00AD471E /* ProductTrackerUITests.swift */,
				DA6434472743457D00AD471E /* ProductTrackerUITestsLaunchTests.swift */,
			);
			path = ProductTrackerUITests;
			sourceTree = "<group>";
		};
		DA6434542743459600AD471E /* Models */ = {
			isa = PBXGroup;
			children = (
				DA6434572743485A00AD471E /* Product.swift */,
				DA64345B27434C5A00AD471E /* ProductManager.swift */,
				DA6434602743725700AD471E /* Client.swift */,
			);
			path = Models;
			sourceTree = "<group>";
		};
		DA64345D2743719800AD471E /* Test Models */ = {
			isa = PBXGroup;
			children = (
				DA643455274345D400AD471E /* ProductTests.swift */,
				DA64345927434A5D00AD471E /* ProductManagerTests.swift */,
				DA64345E274371B700AD471E /* ClientTests.swift */,
			);
			path = "Test Models";
			sourceTree = "<group>";
		};
		DA643462274385A300AD471E /* Controllers */ = {
			isa = PBXGroup;
			children = (
				DA6434282743457B00AD471E /* TrackViewController.swift */,
			);
			path = Controllers;
			sourceTree = "<group>";
		};
		DA643463274389AA00AD471E /* Test Controllers */ = {
			isa = PBXGroup;
			children = (
				DA64346427438ABE00AD471E /* TrackViewControllerTests.swift */,
			);
			path = "Test Controllers";
			sourceTree = "<group>";
		};
		DA798CFD2743B3B700797DE8 /* Test Views */ = {
			isa = PBXGroup;
			children = (
				DA798CFE2743B3D400797DE8 /* ProductTableViewTests.swift */,
			);
			path = "Test Views";
			sourceTree = "<group>";
		};
		DA798D022743B8BF00797DE8 /* Data Source */ = {
			isa = PBXGroup;
			children = (
				DA798D002743B8B600797DE8 /* ProductDataSource.swift */,
			);
			path = "Data Source";
			sourceTree = "<group>";
		};
		DA798D032744880B00797DE8 /* Views */ = {
			isa = PBXGroup;
			children = (
				DA798D042744881E00797DE8 /* ProductCell.swift */,
			);
			path = Views;
			sourceTree = "<group>";
		};
/* End PBXGroup section */

/* Begin PBXNativeTarget section */
		DA6434202743457B00AD471E /* ProductTracker */ = {
			isa = PBXNativeTarget;
			buildConfigurationList = DA64344B2743457D00AD471E /* Build configuration list for PBXNativeTarget "ProductTracker" */;
			buildPhases = (
				DA64341D2743457B00AD471E /* Sources */,
				DA64341E2743457B00AD471E /* Frameworks */,
				DA64341F2743457B00AD471E /* Resources */,
			);
			buildRules = (
			);
			dependencies = (
			);
			name = ProductTracker;
			productName = ProductTracker;
			productReference = DA6434212743457B00AD471E /* ProductTracker.app */;
			productType = "com.apple.product-type.application";
		};
		DA6434362743457D00AD471E /* ProductTrackerTests */ = {
			isa = PBXNativeTarget;
			buildConfigurationList = DA64344E2743457D00AD471E /* Build configuration list for PBXNativeTarget "ProductTrackerTests" */;
			buildPhases = (
				DA6434332743457D00AD471E /* Sources */,
				DA6434342743457D00AD471E /* Frameworks */,
				DA6434352743457D00AD471E /* Resources */,
			);
			buildRules = (
			);
			dependencies = (
				DA6434392743457D00AD471E /* PBXTargetDependency */,
			);
			name = ProductTrackerTests;
			productName = ProductTrackerTests;
			productReference = DA6434372743457D00AD471E /* ProductTrackerTests.xctest */;
			productType = "com.apple.product-type.bundle.unit-test";
		};
		DA6434402743457D00AD471E /* ProductTrackerUITests */ = {
			isa = PBXNativeTarget;
			buildConfigurationList = DA6434512743457D00AD471E /* Build configuration list for PBXNativeTarget "ProductTrackerUITests" */;
			buildPhases = (
				DA64343D2743457D00AD471E /* Sources */,
				DA64343E2743457D00AD471E /* Frameworks */,
				DA64343F2743457D00AD471E /* Resources */,
			);
			buildRules = (
			);
			dependencies = (
				DA6434432743457D00AD471E /* PBXTargetDependency */,
			);
			name = ProductTrackerUITests;
			productName = ProductTrackerUITests;
			productReference = DA6434412743457D00AD471E /* ProductTrackerUITests.xctest */;
			productType = "com.apple.product-type.bundle.ui-testing";
		};
/* End PBXNativeTarget section */

/* Begin PBXProject section */
		DA6434192743457B00AD471E /* Project object */ = {
			isa = PBXProject;
			attributes = {
				BuildIndependentTargetsInParallel = 1;
				LastSwiftUpdateCheck = 1310;
				LastUpgradeCheck = 1310;
				TargetAttributes = {
					DA6434202743457B00AD471E = {
						CreatedOnToolsVersion = 13.1;
					};
					DA6434362743457D00AD471E = {
						CreatedOnToolsVersion = 13.1;
						LastSwiftMigration = 1310;
						TestTargetID = DA6434202743457B00AD471E;
					};
					DA6434402743457D00AD471E = {
						CreatedOnToolsVersion = 13.1;
						TestTargetID = DA6434202743457B00AD471E;
					};
				};
			};
			buildConfigurationList = DA64341C2743457B00AD471E /* Build configuration list for PBXProject "ProductTracker" */;
			compatibilityVersion = "Xcode 13.0";
			developmentRegion = en;
			hasScannedForEncodings = 0;
			knownRegions = (
				en,
				Base,
			);
			mainGroup = DA6434182743457B00AD471E;
			productRefGroup = DA6434222743457B00AD471E /* Products */;
			projectDirPath = "";
			projectRoot = "";
			targets = (
				DA6434202743457B00AD471E /* ProductTracker */,
				DA6434362743457D00AD471E /* ProductTrackerTests */,
				DA6434402743457D00AD471E /* ProductTrackerUITests */,
			);
		};
/* End PBXProject section */

/* Begin PBXResourcesBuildPhase section */
		DA64341F2743457B00AD471E /* Resources */ = {
			isa = PBXResourcesBuildPhase;
			buildActionMask = 2147483647;
			files = (
				DA6434312743457D00AD471E /* LaunchScreen.storyboard in Resources */,
				DA64342E2743457D00AD471E /* Assets.xcassets in Resources */,
				DA64342C2743457B00AD471E /* Main.storyboard in Resources */,
			);
			runOnlyForDeploymentPostprocessing = 0;
		};
		DA6434352743457D00AD471E /* Resources */ = {
			isa = PBXResourcesBuildPhase;
			buildActionMask = 2147483647;
			files = (
			);
			runOnlyForDeploymentPostprocessing = 0;
		};
		DA64343F2743457D00AD471E /* Resources */ = {
			isa = PBXResourcesBuildPhase;
			buildActionMask = 2147483647;
			files = (
			);
			runOnlyForDeploymentPostprocessing = 0;
		};
/* End PBXResourcesBuildPhase section */

/* Begin PBXSourcesBuildPhase section */
		DA64341D2743457B00AD471E /* Sources */ = {
			isa = PBXSourcesBuildPhase;
			buildActionMask = 2147483647;
			files = (
				DA798D012743B8B600797DE8 /* ProductDataSource.swift in Sources */,
				DA6434292743457B00AD471E /* TrackViewController.swift in Sources */,
				DA64345C27434C5A00AD471E /* ProductManager.swift in Sources */,
				DA6434612743725700AD471E /* Client.swift in Sources */,
				DA6434582743485A00AD471E /* Product.swift in Sources */,
				DA798D052744881E00797DE8 /* ProductCell.swift in Sources */,
				DA6434252743457B00AD471E /* AppDelegate.swift in Sources */,
				DA6434272743457B00AD471E /* SceneDelegate.swift in Sources */,
			);
			runOnlyForDeploymentPostprocessing = 0;
		};
		DA6434332743457D00AD471E /* Sources */ = {
			isa = PBXSourcesBuildPhase;
			buildActionMask = 2147483647;
			files = (
				DA64346527438ABF00AD471E /* TrackViewControllerTests.swift in Sources */,
				DA64345A27434A5D00AD471E /* ProductManagerTests.swift in Sources */,
				DA64345F274371B700AD471E /* ClientTests.swift in Sources */,
				DA643456274345D400AD471E /* ProductTests.swift in Sources */,
				DA798CFF2743B3D400797DE8 /* ProductTableViewTests.swift in Sources */,
			);
			runOnlyForDeploymentPostprocessing = 0;
		};
		DA64343D2743457D00AD471E /* Sources */ = {
			isa = PBXSourcesBuildPhase;
			buildActionMask = 2147483647;
			files = (
				DA6434462743457D00AD471E /* ProductTrackerUITests.swift in Sources */,
				DA6434482743457D00AD471E /* ProductTrackerUITestsLaunchTests.swift in Sources */,
			);
			runOnlyForDeploymentPostprocessing = 0;
		};
/* End PBXSourcesBuildPhase section */

/* Begin PBXTargetDependency section */
		DA6434392743457D00AD471E /* PBXTargetDependency */ = {
			isa = PBXTargetDependency;
			target = DA6434202743457B00AD471E /* ProductTracker */;
			targetProxy = DA6434382743457D00AD471E /* PBXContainerItemProxy */;
		};
		DA6434432743457D00AD471E /* PBXTargetDependency */ = {
			isa = PBXTargetDependency;
			target = DA6434202743457B00AD471E /* ProductTracker */;
			targetProxy = DA6434422743457D00AD471E /* PBXContainerItemProxy */;
		};
/* End PBXTargetDependency section */

/* Begin PBXVariantGroup section */
		DA64342A2743457B00AD471E /* Main.storyboard */ = {
			isa = PBXVariantGroup;
			children = (
				DA64342B2743457B00AD471E /* Base */,
			);
			name = Main.storyboard;
			sourceTree = "<group>";
		};
		DA64342F2743457D00AD471E /* LaunchScreen.storyboard */ = {
			isa = PBXVariantGroup;
			children = (
				DA6434302743457D00AD471E /* Base */,
			);
			name = LaunchScreen.storyboard;
			sourceTree = "<group>";
		};
/* End PBXVariantGroup section */

/* Begin XCBuildConfiguration section */
		DA6434492743457D00AD471E /* Debug */ = {
			isa = XCBuildConfiguration;
			buildSettings = {
				ALWAYS_SEARCH_USER_PATHS = NO;
				CLANG_ANALYZER_NONNULL = YES;
				CLANG_ANALYZER_NUMBER_OBJECT_CONVERSION = YES_AGGRESSIVE;
				CLANG_CXX_LANGUAGE_STANDARD = "gnu++17";
				CLANG_CXX_LIBRARY = "libc++";
				CLANG_ENABLE_MODULES = YES;
				CLANG_ENABLE_OBJC_ARC = YES;
				CLANG_ENABLE_OBJC_WEAK = YES;
				CLANG_WARN_BLOCK_CAPTURE_AUTORELEASING = YES;
				CLANG_WARN_BOOL_CONVERSION = YES;
				CLANG_WARN_COMMA = YES;
				CLANG_WARN_CONSTANT_CONVERSION = YES;
				CLANG_WARN_DEPRECATED_OBJC_IMPLEMENTATIONS = YES;
				CLANG_WARN_DIRECT_OBJC_ISA_USAGE = YES_ERROR;
				CLANG_WARN_DOCUMENTATION_COMMENTS = YES;
				CLANG_WARN_EMPTY_BODY = YES;
				CLANG_WARN_ENUM_CONVERSION = YES;
				CLANG_WARN_INFINITE_RECURSION = YES;
				CLANG_WARN_INT_CONVERSION = YES;
				CLANG_WARN_NON_LITERAL_NULL_CONVERSION = YES;
				CLANG_WARN_OBJC_IMPLICIT_RETAIN_SELF = YES;
				CLANG_WARN_OBJC_LITERAL_CONVERSION = YES;
				CLANG_WARN_OBJC_ROOT_CLASS = YES_ERROR;
				CLANG_WARN_QUOTED_INCLUDE_IN_FRAMEWORK_HEADER = YES;
				CLANG_WARN_RANGE_LOOP_ANALYSIS = YES;
				CLANG_WARN_STRICT_PROTOTYPES = YES;
				CLANG_WARN_SUSPICIOUS_MOVE = YES;
				CLANG_WARN_UNGUARDED_AVAILABILITY = YES_AGGRESSIVE;
				CLANG_WARN_UNREACHABLE_CODE = YES;
				CLANG_WARN__DUPLICATE_METHOD_MATCH = YES;
				COPY_PHASE_STRIP = NO;
				DEBUG_INFORMATION_FORMAT = dwarf;
				ENABLE_STRICT_OBJC_MSGSEND = YES;
				ENABLE_TESTABILITY = YES;
				GCC_C_LANGUAGE_STANDARD = gnu11;
				GCC_DYNAMIC_NO_PIC = NO;
				GCC_NO_COMMON_BLOCKS = YES;
				GCC_OPTIMIZATION_LEVEL = 0;
				GCC_PREPROCESSOR_DEFINITIONS = (
					"DEBUG=1",
					"$(inherited)",
				);
				GCC_WARN_64_TO_32_BIT_CONVERSION = YES;
				GCC_WARN_ABOUT_RETURN_TYPE = YES_ERROR;
				GCC_WARN_UNDECLARED_SELECTOR = YES;
				GCC_WARN_UNINITIALIZED_AUTOS = YES_AGGRESSIVE;
				GCC_WARN_UNUSED_FUNCTION = YES;
				GCC_WARN_UNUSED_VARIABLE = YES;
				IPHONEOS_DEPLOYMENT_TARGET = 15.0;
				MTL_ENABLE_DEBUG_INFO = INCLUDE_SOURCE;
				MTL_FAST_MATH = YES;
				ONLY_ACTIVE_ARCH = YES;
				SDKROOT = iphoneos;
				SWIFT_ACTIVE_COMPILATION_CONDITIONS = DEBUG;
				SWIFT_OPTIMIZATION_LEVEL = "-Onone";
			};
			name = Debug;
		};
		DA64344A2743457D00AD471E /* Release */ = {
			isa = XCBuildConfiguration;
			buildSettings = {
				ALWAYS_SEARCH_USER_PATHS = NO;
				CLANG_ANALYZER_NONNULL = YES;
				CLANG_ANALYZER_NUMBER_OBJECT_CONVERSION = YES_AGGRESSIVE;
				CLANG_CXX_LANGUAGE_STANDARD = "gnu++17";
				CLANG_CXX_LIBRARY = "libc++";
				CLANG_ENABLE_MODULES = YES;
				CLANG_ENABLE_OBJC_ARC = YES;
				CLANG_ENABLE_OBJC_WEAK = YES;
				CLANG_WARN_BLOCK_CAPTURE_AUTORELEASING = YES;
				CLANG_WARN_BOOL_CONVERSION = YES;
				CLANG_WARN_COMMA = YES;
				CLANG_WARN_CONSTANT_CONVERSION = YES;
				CLANG_WARN_DEPRECATED_OBJC_IMPLEMENTATIONS = YES;
				CLANG_WARN_DIRECT_OBJC_ISA_USAGE = YES_ERROR;
				CLANG_WARN_DOCUMENTATION_COMMENTS = YES;
				CLANG_WARN_EMPTY_BODY = YES;
				CLANG_WARN_ENUM_CONVERSION = YES;
				CLANG_WARN_INFINITE_RECURSION = YES;
				CLANG_WARN_INT_CONVERSION = YES;
				CLANG_WARN_NON_LITERAL_NULL_CONVERSION = YES;
				CLANG_WARN_OBJC_IMPLICIT_RETAIN_SELF = YES;
				CLANG_WARN_OBJC_LITERAL_CONVERSION = YES;
				CLANG_WARN_OBJC_ROOT_CLASS = YES_ERROR;
				CLANG_WARN_QUOTED_INCLUDE_IN_FRAMEWORK_HEADER = YES;
				CLANG_WARN_RANGE_LOOP_ANALYSIS = YES;
				CLANG_WARN_STRICT_PROTOTYPES = YES;
				CLANG_WARN_SUSPICIOUS_MOVE = YES;
				CLANG_WARN_UNGUARDED_AVAILABILITY = YES_AGGRESSIVE;
				CLANG_WARN_UNREACHABLE_CODE = YES;
				CLANG_WARN__DUPLICATE_METHOD_MATCH = YES;
				COPY_PHASE_STRIP = NO;
				DEBUG_INFORMATION_FORMAT = "dwarf-with-dsym";
				ENABLE_NS_ASSERTIONS = NO;
				ENABLE_STRICT_OBJC_MSGSEND = YES;
				GCC_C_LANGUAGE_STANDARD = gnu11;
				GCC_NO_COMMON_BLOCKS = YES;
				GCC_WARN_64_TO_32_BIT_CONVERSION = YES;
				GCC_WARN_ABOUT_RETURN_TYPE = YES_ERROR;
				GCC_WARN_UNDECLARED_SELECTOR = YES;
				GCC_WARN_UNINITIALIZED_AUTOS = YES_AGGRESSIVE;
				GCC_WARN_UNUSED_FUNCTION = YES;
				GCC_WARN_UNUSED_VARIABLE = YES;
				IPHONEOS_DEPLOYMENT_TARGET = 15.0;
				MTL_ENABLE_DEBUG_INFO = NO;
				MTL_FAST_MATH = YES;
				SDKROOT = iphoneos;
				SWIFT_COMPILATION_MODE = wholemodule;
				SWIFT_OPTIMIZATION_LEVEL = "-O";
				VALIDATE_PRODUCT = YES;
			};
			name = Release;
		};
		DA64344C2743457D00AD471E /* Debug */ = {
			isa = XCBuildConfiguration;
			buildSettings = {
				ASSETCATALOG_COMPILER_APPICON_NAME = AppIcon;
				ASSETCATALOG_COMPILER_GLOBAL_ACCENT_COLOR_NAME = AccentColor;
				CODE_SIGN_STYLE = Automatic;
				CURRENT_PROJECT_VERSION = 1;
				DEVELOPMENT_TEAM = K5DT8G4M9K;
				GENERATE_INFOPLIST_FILE = YES;
				INFOPLIST_FILE = ProductTracker/Info.plist;
				INFOPLIST_KEY_UIApplicationSupportsIndirectInputEvents = YES;
				INFOPLIST_KEY_UILaunchStoryboardName = LaunchScreen;
				INFOPLIST_KEY_UIMainStoryboardFile = Main;
				INFOPLIST_KEY_UISupportedInterfaceOrientations = "";
				INFOPLIST_KEY_UISupportedInterfaceOrientations_iPad = "UIInterfaceOrientationPortrait UIInterfaceOrientationPortraitUpsideDown UIInterfaceOrientationLandscapeLeft UIInterfaceOrientationLandscapeRight";
				INFOPLIST_KEY_UISupportedInterfaceOrientations_iPhone = "UIInterfaceOrientationPortrait UIInterfaceOrientationLandscapeLeft UIInterfaceOrientationLandscapeRight";
				IPHONEOS_DEPLOYMENT_TARGET = 15.0;
				LD_RUNPATH_SEARCH_PATHS = (
					"$(inherited)",
					"@executable_path/Frameworks",
				);
				MARKETING_VERSION = 1.0;
				PRODUCT_BUNDLE_IDENTIFIER = ayumi.ProductTracker;
				PRODUCT_NAME = "$(TARGET_NAME)";
				SWIFT_EMIT_LOC_STRINGS = YES;
				SWIFT_VERSION = 5.0;
				TARGETED_DEVICE_FAMILY = "1,2";
			};
			name = Debug;
		};
		DA64344D2743457D00AD471E /* Release */ = {
			isa = XCBuildConfiguration;
			buildSettings = {
				ASSETCATALOG_COMPILER_APPICON_NAME = AppIcon;
				ASSETCATALOG_COMPILER_GLOBAL_ACCENT_COLOR_NAME = AccentColor;
				CODE_SIGN_STYLE = Automatic;
				CURRENT_PROJECT_VERSION = 1;
				DEVELOPMENT_TEAM = K5DT8G4M9K;
				GENERATE_INFOPLIST_FILE = YES;
				INFOPLIST_FILE = ProductTracker/Info.plist;
				INFOPLIST_KEY_UIApplicationSupportsIndirectInputEvents = YES;
				INFOPLIST_KEY_UILaunchStoryboardName = LaunchScreen;
				INFOPLIST_KEY_UIMainStoryboardFile = Main;
				INFOPLIST_KEY_UISupportedInterfaceOrientations = "";
				INFOPLIST_KEY_UISupportedInterfaceOrientations_iPad = "UIInterfaceOrientationPortrait UIInterfaceOrientationPortraitUpsideDown UIInterfaceOrientationLandscapeLeft UIInterfaceOrientationLandscapeRight";
				INFOPLIST_KEY_UISupportedInterfaceOrientations_iPhone = "UIInterfaceOrientationPortrait UIInterfaceOrientationLandscapeLeft UIInterfaceOrientationLandscapeRight";
				IPHONEOS_DEPLOYMENT_TARGET = 15.0;
				LD_RUNPATH_SEARCH_PATHS = (
					"$(inherited)",
					"@executable_path/Frameworks",
				);
				MARKETING_VERSION = 1.0;
				PRODUCT_BUNDLE_IDENTIFIER = ayumi.ProductTracker;
				PRODUCT_NAME = "$(TARGET_NAME)";
				SWIFT_EMIT_LOC_STRINGS = YES;
				SWIFT_VERSION = 5.0;
				TARGETED_DEVICE_FAMILY = "1,2";
			};
			name = Release;
		};
		DA64344F2743457D00AD471E /* Debug */ = {
			isa = XCBuildConfiguration;
			buildSettings = {
				ALWAYS_EMBED_SWIFT_STANDARD_LIBRARIES = YES;
				BUNDLE_LOADER = "$(TEST_HOST)";
				CLANG_ENABLE_MODULES = YES;
				CODE_SIGN_STYLE = Automatic;
				CURRENT_PROJECT_VERSION = 1;
				DEVELOPMENT_TEAM = K5DT8G4M9K;
				GENERATE_INFOPLIST_FILE = YES;
				IPHONEOS_DEPLOYMENT_TARGET = 15.0;
				LD_RUNPATH_SEARCH_PATHS = (
					"$(inherited)",
					"@executable_path/Frameworks",
					"@loader_path/Frameworks",
				);
				MARKETING_VERSION = 1.0;
				PRODUCT_BUNDLE_IDENTIFIER = ayumi.ProductTrackerTests;
				PRODUCT_NAME = "$(TARGET_NAME)";
				SWIFT_EMIT_LOC_STRINGS = NO;
				SWIFT_OPTIMIZATION_LEVEL = "-Onone";
				SWIFT_VERSION = 5.0;
				TARGETED_DEVICE_FAMILY = "1,2";
				TEST_HOST = "$(BUILT_PRODUCTS_DIR)/ProductTracker.app/ProductTracker";
			};
			name = Debug;
		};
		DA6434502743457D00AD471E /* Release */ = {
			isa = XCBuildConfiguration;
			buildSettings = {
				ALWAYS_EMBED_SWIFT_STANDARD_LIBRARIES = YES;
				BUNDLE_LOADER = "$(TEST_HOST)";
				CLANG_ENABLE_MODULES = YES;
				CODE_SIGN_STYLE = Automatic;
				CURRENT_PROJECT_VERSION = 1;
				DEVELOPMENT_TEAM = K5DT8G4M9K;
				GENERATE_INFOPLIST_FILE = YES;
				IPHONEOS_DEPLOYMENT_TARGET = 15.0;
				LD_RUNPATH_SEARCH_PATHS = (
					"$(inherited)",
					"@executable_path/Frameworks",
					"@loader_path/Frameworks",
				);
				MARKETING_VERSION = 1.0;
				PRODUCT_BUNDLE_IDENTIFIER = ayumi.ProductTrackerTests;
				PRODUCT_NAME = "$(TARGET_NAME)";
				SWIFT_EMIT_LOC_STRINGS = NO;
				SWIFT_VERSION = 5.0;
				TARGETED_DEVICE_FAMILY = "1,2";
				TEST_HOST = "$(BUILT_PRODUCTS_DIR)/ProductTracker.app/ProductTracker";
			};
			name = Release;
		};
		DA6434522743457D00AD471E /* Debug */ = {
			isa = XCBuildConfiguration;
			buildSettings = {
				ALWAYS_EMBED_SWIFT_STANDARD_LIBRARIES = YES;
				CODE_SIGN_STYLE = Automatic;
				CURRENT_PROJECT_VERSION = 1;
				DEVELOPMENT_TEAM = K5DT8G4M9K;
				GENERATE_INFOPLIST_FILE = YES;
				LD_RUNPATH_SEARCH_PATHS = (
					"$(inherited)",
					"@executable_path/Frameworks",
					"@loader_path/Frameworks",
				);
				MARKETING_VERSION = 1.0;
				PRODUCT_BUNDLE_IDENTIFIER = ayumi.ProductTrackerUITests;
				PRODUCT_NAME = "$(TARGET_NAME)";
				SWIFT_EMIT_LOC_STRINGS = NO;
				SWIFT_VERSION = 5.0;
				TARGETED_DEVICE_FAMILY = "1,2";
				TEST_TARGET_NAME = ProductTracker;
			};
			name = Debug;
		};
		DA6434532743457D00AD471E /* Release */ = {
			isa = XCBuildConfiguration;
			buildSettings = {
				ALWAYS_EMBED_SWIFT_STANDARD_LIBRARIES = YES;
				CODE_SIGN_STYLE = Automatic;
				CURRENT_PROJECT_VERSION = 1;
				DEVELOPMENT_TEAM = K5DT8G4M9K;
				GENERATE_INFOPLIST_FILE = YES;
				LD_RUNPATH_SEARCH_PATHS = (
					"$(inherited)",
					"@executable_path/Frameworks",
					"@loader_path/Frameworks",
				);
				MARKETING_VERSION = 1.0;
				PRODUCT_BUNDLE_IDENTIFIER = ayumi.ProductTrackerUITests;
				PRODUCT_NAME = "$(TARGET_NAME)";
				SWIFT_EMIT_LOC_STRINGS = NO;
				SWIFT_VERSION = 5.0;
				TARGETED_DEVICE_FAMILY = "1,2";
				TEST_TARGET_NAME = ProductTracker;
			};
			name = Release;
		};
/* End XCBuildConfiguration section */

/* Begin XCConfigurationList section */
		DA64341C2743457B00AD471E /* Build configuration list for PBXProject "ProductTracker" */ = {
			isa = XCConfigurationList;
			buildConfigurations = (
				DA6434492743457D00AD471E /* Debug */,
				DA64344A2743457D00AD471E /* Release */,
			);
			defaultConfigurationIsVisible = 0;
			defaultConfigurationName = Release;
		};
		DA64344B2743457D00AD471E /* Build configuration list for PBXNativeTarget "ProductTracker" */ = {
			isa = XCConfigurationList;
			buildConfigurations = (
				DA64344C2743457D00AD471E /* Debug */,
				DA64344D2743457D00AD471E /* Release */,
			);
			defaultConfigurationIsVisible = 0;
			defaultConfigurationName = Release;
		};
		DA64344E2743457D00AD471E /* Build configuration list for PBXNativeTarget "ProductTrackerTests" */ = {
			isa = XCConfigurationList;
			buildConfigurations = (
				DA64344F2743457D00AD471E /* Debug */,
				DA6434502743457D00AD471E /* Release */,
			);
			defaultConfigurationIsVisible = 0;
			defaultConfigurationName = Release;
		};
		DA6434512743457D00AD471E /* Build configuration list for PBXNativeTarget "ProductTrackerUITests" */ = {
			isa = XCConfigurationList;
			buildConfigurations = (
				DA6434522743457D00AD471E /* Debug */,
				DA6434532743457D00AD471E /* Release */,
			);
			defaultConfigurationIsVisible = 0;
			defaultConfigurationName = Release;
		};
/* End XCConfigurationList section */
	};
	rootObject = DA6434192743457B00AD471E /* Project object */;
}
